// !$*UTF8*$!
{
	archiveVersion = 1;
	classes = {
	};
	objectVersion = 50;
	objects = {

/* Begin PBXBuildFile section */
		7C199A3E25839F060098694F /* RakuKoboApp.swift in Sources */ = {isa = PBXBuildFile; fileRef = 7C199A3D25839F060098694F /* RakuKoboApp.swift */; };
		7C199A4025839F060098694F /* NobelLaureatesView.swift in Sources */ = {isa = PBXBuildFile; fileRef = 7C199A3F25839F060098694F /* NobelLaureatesView.swift */; };
		7C199A4225839F090098694F /* Assets.xcassets in Resources */ = {isa = PBXBuildFile; fileRef = 7C199A4125839F090098694F /* Assets.xcassets */; };
		7C199A4525839F090098694F /* Preview Assets.xcassets in Resources */ = {isa = PBXBuildFile; fileRef = 7C199A4425839F090098694F /* Preview Assets.xcassets */; };
		7C199A532583A4BA0098694F /* nobel-prize-laureates.json in Resources */ = {isa = PBXBuildFile; fileRef = 7C199A522583A4BA0098694F /* nobel-prize-laureates.json */; };
		7C199A932583B9760098694F /* NobelLaureatesViewModel.swift in Sources */ = {isa = PBXBuildFile; fileRef = 7C199A922583B9750098694F /* NobelLaureatesViewModel.swift */; };
		7C199A972583CE800098694F /* Nobel.swift in Sources */ = {isa = PBXBuildFile; fileRef = 7C199A962583CE800098694F /* Nobel.swift */; };
		7C199AA02584022D0098694F /* Common.swift in Sources */ = {isa = PBXBuildFile; fileRef = 7C199A9F2584022C0098694F /* Common.swift */; };
		7C199AA825840A6A0098694F /* Extensions.swift in Sources */ = {isa = PBXBuildFile; fileRef = 7C199AA725840A6A0098694F /* Extensions.swift */; };
		7C199AAF258422EA0098694F /* LocationPicker.swift in Sources */ = {isa = PBXBuildFile; fileRef = 7C199AAE258422E90098694F /* LocationPicker.swift */; };
		7C89671025849B6800CF76FE /* FilterView.swift in Sources */ = {isa = PBXBuildFile; fileRef = 7C89670F25849B6800CF76FE /* FilterView.swift */; };
		7C89672F2584A34F00CF76FE /* LocationPickerViewController.swift in Sources */ = {isa = PBXBuildFile; fileRef = 7C89672B2584A34E00CF76FE /* LocationPickerViewController.swift */; };
		7C8967302584A34F00CF76FE /* LocationSearchResultsViewController.swift in Sources */ = {isa = PBXBuildFile; fileRef = 7C89672C2584A34E00CF76FE /* LocationSearchResultsViewController.swift */; };
		7C8967312584A34F00CF76FE /* SearchHistoryManager.swift in Sources */ = {isa = PBXBuildFile; fileRef = 7C89672D2584A34F00CF76FE /* SearchHistoryManager.swift */; };
		7C8967322584A34F00CF76FE /* Location.swift in Sources */ = {isa = PBXBuildFile; fileRef = 7C89672E2584A34F00CF76FE /* Location.swift */; };
/* End PBXBuildFile section */

/* Begin PBXFileReference section */
		29CE551E5EC7FA0898F654BB /* Pods_RakuKobo.framework */ = {isa = PBXFileReference; explicitFileType = wrapper.framework; includeInIndex = 0; path = Pods_RakuKobo.framework; sourceTree = BUILT_PRODUCTS_DIR; };
		7C199A3A25839F060098694F /* RakuKobo.app */ = {isa = PBXFileReference; explicitFileType = wrapper.application; includeInIndex = 0; path = RakuKobo.app; sourceTree = BUILT_PRODUCTS_DIR; };
		7C199A3D25839F060098694F /* RakuKoboApp.swift */ = {isa = PBXFileReference; lastKnownFileType = sourcecode.swift; path = RakuKoboApp.swift; sourceTree = "<group>"; };
		7C199A3F25839F060098694F /* NobelLaureatesView.swift */ = {isa = PBXFileReference; lastKnownFileType = sourcecode.swift; path = NobelLaureatesView.swift; sourceTree = "<group>"; };
		7C199A4125839F090098694F /* Assets.xcassets */ = {isa = PBXFileReference; lastKnownFileType = folder.assetcatalog; path = Assets.xcassets; sourceTree = "<group>"; };
		7C199A4425839F090098694F /* Preview Assets.xcassets */ = {isa = PBXFileReference; lastKnownFileType = folder.assetcatalog; path = "Preview Assets.xcassets"; sourceTree = "<group>"; };
		7C199A4625839F090098694F /* Info.plist */ = {isa = PBXFileReference; lastKnownFileType = text.plist.xml; path = Info.plist; sourceTree = "<group>"; };
		7C199A522583A4BA0098694F /* nobel-prize-laureates.json */ = {isa = PBXFileReference; fileEncoding = 4; lastKnownFileType = text.json; path = "nobel-prize-laureates.json"; sourceTree = "<group>"; };
		7C199A922583B9750098694F /* NobelLaureatesViewModel.swift */ = {isa = PBXFileReference; lastKnownFileType = sourcecode.swift; path = NobelLaureatesViewModel.swift; sourceTree = "<group>"; };
		7C199A962583CE800098694F /* Nobel.swift */ = {isa = PBXFileReference; lastKnownFileType = sourcecode.swift; path = Nobel.swift; sourceTree = "<group>"; };
		7C199A9F2584022C0098694F /* Common.swift */ = {isa = PBXFileReference; lastKnownFileType = sourcecode.swift; path = Common.swift; sourceTree = "<group>"; };
		7C199AA725840A6A0098694F /* Extensions.swift */ = {isa = PBXFileReference; lastKnownFileType = sourcecode.swift; path = Extensions.swift; sourceTree = "<group>"; };
		7C199AAE258422E90098694F /* LocationPicker.swift */ = {isa = PBXFileReference; lastKnownFileType = sourcecode.swift; path = LocationPicker.swift; sourceTree = "<group>"; };
		7C89670F25849B6800CF76FE /* FilterView.swift */ = {isa = PBXFileReference; lastKnownFileType = sourcecode.swift; path = FilterView.swift; sourceTree = "<group>"; };
		7C89672B2584A34E00CF76FE /* LocationPickerViewController.swift */ = {isa = PBXFileReference; fileEncoding = 4; lastKnownFileType = sourcecode.swift; path = LocationPickerViewController.swift; sourceTree = "<group>"; };
		7C89672C2584A34E00CF76FE /* LocationSearchResultsViewController.swift */ = {isa = PBXFileReference; fileEncoding = 4; lastKnownFileType = sourcecode.swift; path = LocationSearchResultsViewController.swift; sourceTree = "<group>"; };
		7C89672D2584A34F00CF76FE /* SearchHistoryManager.swift */ = {isa = PBXFileReference; fileEncoding = 4; lastKnownFileType = sourcecode.swift; path = SearchHistoryManager.swift; sourceTree = "<group>"; };
		7C89672E2584A34F00CF76FE /* Location.swift */ = {isa = PBXFileReference; fileEncoding = 4; lastKnownFileType = sourcecode.swift; path = Location.swift; sourceTree = "<group>"; };
/* End PBXFileReference section */

/* Begin PBXFrameworksBuildPhase section */
		7C199A3725839F060098694F /* Frameworks */ = {
			isa = PBXFrameworksBuildPhase;
			buildActionMask = 2147483647;
			files = (
			);
			runOnlyForDeploymentPostprocessing = 0;
		};
/* End PBXFrameworksBuildPhase section */

/* Begin PBXGroup section */
		7C199A3125839F060098694F = {
			isa = PBXGroup;
			children = (
				7C199A3C25839F060098694F /* RakuKobo */,
				7C199A3B25839F060098694F /* Products */,
				91B9520676D4A2F2D31BDDCF /* Frameworks */,
			);
			sourceTree = "<group>";
		};
		7C199A3B25839F060098694F /* Products */ = {
			isa = PBXGroup;
			children = (
				7C199A3A25839F060098694F /* RakuKobo.app */,
			);
			name = Products;
			sourceTree = "<group>";
		};
		7C199A3C25839F060098694F /* RakuKobo */ = {
			isa = PBXGroup;
			children = (
				7C199A3D25839F060098694F /* RakuKoboApp.swift */,
				7C199A3F25839F060098694F /* NobelLaureatesView.swift */,
				7C199A922583B9750098694F /* NobelLaureatesViewModel.swift */,
				7C89670F25849B6800CF76FE /* FilterView.swift */,
				7C199A962583CE800098694F /* Nobel.swift */,
				7C199A4F2583A2AB0098694F /* Resources */,
				7C199A4625839F090098694F /* Info.plist */,
				7C199A4325839F090098694F /* Preview Content */,
				7C199A9F2584022C0098694F /* Common.swift */,
				7C199AA725840A6A0098694F /* Extensions.swift */,
				7C199AAE258422E90098694F /* LocationPicker.swift */,
			);
			path = RakuKobo;
			sourceTree = "<group>";
		};
		7C199A4325839F090098694F /* Preview Content */ = {
			isa = PBXGroup;
			children = (
				7C199A4425839F090098694F /* Preview Assets.xcassets */,
			);
			path = "Preview Content";
			sourceTree = "<group>";
		};
		7C199A4F2583A2AB0098694F /* Resources */ = {
			isa = PBXGroup;
			children = (
				7C89672E2584A34F00CF76FE /* Location.swift */,
				7C89672B2584A34E00CF76FE /* LocationPickerViewController.swift */,
				7C89672C2584A34E00CF76FE /* LocationSearchResultsViewController.swift */,
				7C89672D2584A34F00CF76FE /* SearchHistoryManager.swift */,
				7C199A522583A4BA0098694F /* nobel-prize-laureates.json */,
				7C199A4125839F090098694F /* Assets.xcassets */,
			);
			path = Resources;
			sourceTree = "<group>";
		};
		91B9520676D4A2F2D31BDDCF /* Frameworks */ = {
			isa = PBXGroup;
			children = (
				29CE551E5EC7FA0898F654BB /* Pods_RakuKobo.framework */,
			);
			name = Frameworks;
			sourceTree = "<group>";
		};
/* End PBXGroup section */

/* Begin PBXNativeTarget section */
		7C199A3925839F060098694F /* RakuKobo */ = {
			isa = PBXNativeTarget;
			buildConfigurationList = 7C199A4925839F0A0098694F /* Build configuration list for PBXNativeTarget "RakuKobo" */;
			buildPhases = (
				7C199A3625839F060098694F /* Sources */,
				7C199A3725839F060098694F /* Frameworks */,
				7C199A3825839F060098694F /* Resources */,
			);
			buildRules = (
			);
			dependencies = (
			);
			name = RakuKobo;
			productName = RakuKobo;
			productReference = 7C199A3A25839F060098694F /* RakuKobo.app */;
			productType = "com.apple.product-type.application";
		};
/* End PBXNativeTarget section */

/* Begin PBXProject section */
		7C199A3225839F060098694F /* Project object */ = {
			isa = PBXProject;
			attributes = {
				LastSwiftUpdateCheck = 1220;
				LastUpgradeCheck = 1220;
				TargetAttributes = {
					7C199A3925839F060098694F = {
						CreatedOnToolsVersion = 12.2;
					};
				};
			};
			buildConfigurationList = 7C199A3525839F060098694F /* Build configuration list for PBXProject "RakuKobo" */;
			compatibilityVersion = "Xcode 9.3";
			developmentRegion = en;
			hasScannedForEncodings = 0;
			knownRegions = (
				en,
				Base,
			);
			mainGroup = 7C199A3125839F060098694F;
			productRefGroup = 7C199A3B25839F060098694F /* Products */;
			projectDirPath = "";
			projectRoot = "";
			targets = (
				7C199A3925839F060098694F /* RakuKobo */,
			);
		};
/* End PBXProject section */

/* Begin PBXResourcesBuildPhase section */
		7C199A3825839F060098694F /* Resources */ = {
			isa = PBXResourcesBuildPhase;
			buildActionMask = 2147483647;
			files = (
				7C199A4525839F090098694F /* Preview Assets.xcassets in Resources */,
				7C199A532583A4BA0098694F /* nobel-prize-laureates.json in Resources */,
				7C199A4225839F090098694F /* Assets.xcassets in Resources */,
			);
			runOnlyForDeploymentPostprocessing = 0;
		};
/* End PBXResourcesBuildPhase section */

/* Begin PBXSourcesBuildPhase section */
		7C199A3625839F060098694F /* Sources */ = {
			isa = PBXSourcesBuildPhase;
			buildActionMask = 2147483647;
			files = (
				7C8967302584A34F00CF76FE /* LocationSearchResultsViewController.swift in Sources */,
				7C199A972583CE800098694F /* Nobel.swift in Sources */,
				7C89672F2584A34F00CF76FE /* LocationPickerViewController.swift in Sources */,
				7C199A4025839F060098694F /* NobelLaureatesView.swift in Sources */,
				7C199A932583B9760098694F /* NobelLaureatesViewModel.swift in Sources */,
				7C199AA02584022D0098694F /* Common.swift in Sources */,
				7C89671025849B6800CF76FE /* FilterView.swift in Sources */,
				7C199A3E25839F060098694F /* RakuKoboApp.swift in Sources */,
				7C199AAF258422EA0098694F /* LocationPicker.swift in Sources */,
				7C8967312584A34F00CF76FE /* SearchHistoryManager.swift in Sources */,
				7C8967322584A34F00CF76FE /* Location.swift in Sources */,
				7C199AA825840A6A0098694F /* Extensions.swift in Sources */,
			);
			runOnlyForDeploymentPostprocessing = 0;
		};
/* End PBXSourcesBuildPhase section */

/* Begin XCBuildConfiguration section */
		7C199A4725839F090098694F /* Debug */ = {
			isa = XCBuildConfiguration;
			buildSettings = {
				ALWAYS_SEARCH_USER_PATHS = NO;
				CLANG_ANALYZER_NONNULL = YES;
				CLANG_ANALYZER_NUMBER_OBJECT_CONVERSION = YES_AGGRESSIVE;
				CLANG_CXX_LANGUAGE_STANDARD = "gnu++14";
				CLANG_CXX_LIBRARY = "libc++";
				CLANG_ENABLE_MODULES = YES;
				CLANG_ENABLE_OBJC_ARC = YES;
				CLANG_ENABLE_OBJC_WEAK = YES;
				CLANG_WARN_BLOCK_CAPTURE_AUTORELEASING = YES;
				CLANG_WARN_BOOL_CONVERSION = YES;
				CLANG_WARN_COMMA = YES;
				CLANG_WARN_CONSTANT_CONVERSION = YES;
				CLANG_WARN_DEPRECATED_OBJC_IMPLEMENTATIONS = YES;
				CLANG_WARN_DIRECT_OBJC_ISA_USAGE = YES_ERROR;
				CLANG_WARN_DOCUMENTATION_COMMENTS = YES;
				CLANG_WARN_EMPTY_BODY = YES;
				CLANG_WARN_ENUM_CONVERSION = YES;
				CLANG_WARN_INFINITE_RECURSION = YES;
				CLANG_WARN_INT_CONVERSION = YES;
				CLANG_WARN_NON_LITERAL_NULL_CONVERSION = YES;
				CLANG_WARN_OBJC_IMPLICIT_RETAIN_SELF = YES;
				CLANG_WARN_OBJC_LITERAL_CONVERSION = YES;
				CLANG_WARN_OBJC_ROOT_CLASS = YES_ERROR;
				CLANG_WARN_QUOTED_INCLUDE_IN_FRAMEWORK_HEADER = YES;
				CLANG_WARN_RANGE_LOOP_ANALYSIS = YES;
				CLANG_WARN_STRICT_PROTOTYPES = YES;
				CLANG_WARN_SUSPICIOUS_MOVE = YES;
				CLANG_WARN_UNGUARDED_AVAILABILITY = YES_AGGRESSIVE;
				CLANG_WARN_UNREACHABLE_CODE = YES;
				CLANG_WARN__DUPLICATE_METHOD_MATCH = YES;
				COPY_PHASE_STRIP = NO;
				DEBUG_INFORMATION_FORMAT = dwarf;
				ENABLE_STRICT_OBJC_MSGSEND = YES;
				ENABLE_TESTABILITY = YES;
				GCC_C_LANGUAGE_STANDARD = gnu11;
				GCC_DYNAMIC_NO_PIC = NO;
				GCC_NO_COMMON_BLOCKS = YES;
				GCC_OPTIMIZATION_LEVEL = 0;
				GCC_PREPROCESSOR_DEFINITIONS = (
					"DEBUG=1",
					"$(inherited)",
				);
				GCC_WARN_64_TO_32_BIT_CONVERSION = YES;
				GCC_WARN_ABOUT_RETURN_TYPE = YES_ERROR;
				GCC_WARN_UNDECLARED_SELECTOR = YES;
				GCC_WARN_UNINITIALIZED_AUTOS = YES_AGGRESSIVE;
				GCC_WARN_UNUSED_FUNCTION = YES;
				GCC_WARN_UNUSED_VARIABLE = YES;
				IPHONEOS_DEPLOYMENT_TARGET = 14.2;
				MTL_ENABLE_DEBUG_INFO = INCLUDE_SOURCE;
				MTL_FAST_MATH = YES;
				ONLY_ACTIVE_ARCH = YES;
				SDKROOT = iphoneos;
				SWIFT_ACTIVE_COMPILATION_CONDITIONS = DEBUG;
				SWIFT_OPTIMIZATION_LEVEL = "-Onone";
			};
			name = Debug;
		};
		7C199A4825839F090098694F /* Release */ = {
			isa = XCBuildConfiguration;
			buildSettings = {
				ALWAYS_SEARCH_USER_PATHS = NO;
				CLANG_ANALYZER_NONNULL = YES;
				CLANG_ANALYZER_NUMBER_OBJECT_CONVERSION = YES_AGGRESSIVE;
				CLANG_CXX_LANGUAGE_STANDARD = "gnu++14";
				CLANG_CXX_LIBRARY = "libc++";
				CLANG_ENABLE_MODULES = YES;
				CLANG_ENABLE_OBJC_ARC = YES;
				CLANG_ENABLE_OBJC_WEAK = YES;
				CLANG_WARN_BLOCK_CAPTURE_AUTORELEASING = YES;
				CLANG_WARN_BOOL_CONVERSION = YES;
				CLANG_WARN_COMMA = YES;
				CLANG_WARN_CONSTANT_CONVERSION = YES;
				CLANG_WARN_DEPRECATED_OBJC_IMPLEMENTATIONS = YES;
				CLANG_WARN_DIRECT_OBJC_ISA_USAGE = YES_ERROR;
				CLANG_WARN_DOCUMENTATION_COMMENTS = YES;
				CLANG_WARN_EMPTY_BODY = YES;
				CLANG_WARN_ENUM_CONVERSION = YES;
				CLANG_WARN_INFINITE_RECURSION = YES;
				CLANG_WARN_INT_CONVERSION = YES;
				CLANG_WARN_NON_LITERAL_NULL_CONVERSION = YES;
				CLANG_WARN_OBJC_IMPLICIT_RETAIN_SELF = YES;
				CLANG_WARN_OBJC_LITERAL_CONVERSION = YES;
				CLANG_WARN_OBJC_ROOT_CLASS = YES_ERROR;
				CLANG_WARN_QUOTED_INCLUDE_IN_FRAMEWORK_HEADER = YES;
				CLANG_WARN_RANGE_LOOP_ANALYSIS = YES;
				CLANG_WARN_STRICT_PROTOTYPES = YES;
				CLANG_WARN_SUSPICIOUS_MOVE = YES;
				CLANG_WARN_UNGUARDED_AVAILABILITY = YES_AGGRESSIVE;
				CLANG_WARN_UNREACHABLE_CODE = YES;
				CLANG_WARN__DUPLICATE_METHOD_MATCH = YES;
				COPY_PHASE_STRIP = NO;
				DEBUG_INFORMATION_FORMAT = "dwarf-with-dsym";
				ENABLE_NS_ASSERTIONS = NO;
				ENABLE_STRICT_OBJC_MSGSEND = YES;
				GCC_C_LANGUAGE_STANDARD = gnu11;
				GCC_NO_COMMON_BLOCKS = YES;
				GCC_WARN_64_TO_32_BIT_CONVERSION = YES;
				GCC_WARN_ABOUT_RETURN_TYPE = YES_ERROR;
				GCC_WARN_UNDECLARED_SELECTOR = YES;
				GCC_WARN_UNINITIALIZED_AUTOS = YES_AGGRESSIVE;
				GCC_WARN_UNUSED_FUNCTION = YES;
				GCC_WARN_UNUSED_VARIABLE = YES;
				IPHONEOS_DEPLOYMENT_TARGET = 14.2;
				MTL_ENABLE_DEBUG_INFO = NO;
				MTL_FAST_MATH = YES;
				SDKROOT = iphoneos;
				SWIFT_COMPILATION_MODE = wholemodule;
				SWIFT_OPTIMIZATION_LEVEL = "-O";
				VALIDATE_PRODUCT = YES;
			};
			name = Release;
		};
		7C199A4A25839F0A0098694F /* Debug */ = {
			isa = XCBuildConfiguration;
			buildSettings = {
				ASSETCATALOG_COMPILER_APPICON_NAME = AppIcon;
				ASSETCATALOG_COMPILER_GLOBAL_ACCENT_COLOR_NAME = AccentColor;
				CODE_SIGN_STYLE = Automatic;
				DEVELOPMENT_ASSET_PATHS = "\"RakuKobo/Preview Content\"";
				DEVELOPMENT_TEAM = DWSYH823M3;
				ENABLE_PREVIEWS = YES;
				INFOPLIST_FILE = RakuKobo/Info.plist;
				IPHONEOS_DEPLOYMENT_TARGET = 14.0;
				LD_RUNPATH_SEARCH_PATHS = (
					"$(inherited)",
					"@executable_path/Frameworks",
				);
				PRODUCT_BUNDLE_IDENTIFIER = com.Kirusa.RakuKobo;
				PRODUCT_NAME = "$(TARGET_NAME)";
				SWIFT_VERSION = 5.0;
				TARGETED_DEVICE_FAMILY = "1,2";
			};
			name = Debug;
		};
		7C199A4B25839F0A0098694F /* Release */ = {
			isa = XCBuildConfiguration;
			buildSettings = {
				ASSETCATALOG_COMPILER_APPICON_NAME = AppIcon;
				ASSETCATALOG_COMPILER_GLOBAL_ACCENT_COLOR_NAME = AccentColor;
				CODE_SIGN_STYLE = Automatic;
				DEVELOPMENT_ASSET_PATHS = "\"RakuKobo/Preview Content\"";
				DEVELOPMENT_TEAM = DWSYH823M3;
				ENABLE_PREVIEWS = YES;
				INFOPLIST_FILE = RakuKobo/Info.plist;
				IPHONEOS_DEPLOYMENT_TARGET = 14.0;
				LD_RUNPATH_SEARCH_PATHS = (
					"$(inherited)",
					"@executable_path/Frameworks",
				);
				PRODUCT_BUNDLE_IDENTIFIER = com.Kirusa.RakuKobo;
				PRODUCT_NAME = "$(TARGET_NAME)";
				SWIFT_VERSION = 5.0;
				TARGETED_DEVICE_FAMILY = "1,2";
			};
			name = Release;
		};
/* End XCBuildConfiguration section */

/* Begin XCConfigurationList section */
		7C199A3525839F060098694F /* Build configuration list for PBXProject "RakuKobo" */ = {
			isa = XCConfigurationList;
			buildConfigurations = (
				7C199A4725839F090098694F /* Debug */,
				7C199A4825839F090098694F /* Release */,
			);
			defaultConfigurationIsVisible = 0;
			defaultConfigurationName = Release;
		};
		7C199A4925839F0A0098694F /* Build configuration list for PBXNativeTarget "RakuKobo" */ = {
			isa = XCConfigurationList;
			buildConfigurations = (
				7C199A4A25839F0A0098694F /* Debug */,
				7C199A4B25839F0A0098694F /* Release */,
			);
			defaultConfigurationIsVisible = 0;
			defaultConfigurationName = Release;
		};
/* End XCConfigurationList section */
	};
	rootObject = 7C199A3225839F060098694F /* Project object */;
}
